Microsoft Visual Studio Solution File, Format Version 11.00
# Visual Studio 2008

Project("{B48E63A4-5D8D-762D-BB49-980883298063}") = "Cube Decomp CLEAN", "Assembly-CSharp.csproj", "{F55A2AC9-852C-2A28-FE38-E3734ACAE06A}"
EndProject
Project("{B48E63A4-5D8D-762D-BB49-980883298063}") = "Cube Decomp CLEAN", "Assembly-CSharp-Editor.csproj", "{37B3E24B-6DF7-8AA7-B3FB-1D9840CFCA52}"
EndProject
Global
	GlobalSection(SolutionConfigurationPlatforms) = preSolution
		Debug|Any CPU = Debug|Any CPU
		Release|Any CPU = Release|Any CPU
	EndGlobalSection
	GlobalSection(ProjectConfigurationPlatforms) = postSolution
		{F55A2AC9-852C-2A28-FE38-E3734ACAE06A}.Debug|Any CPU.ActiveCfg = Debug|Any CPU
		{F55A2AC9-852C-2A28-FE38-E3734ACAE06A}.Debug|Any CPU.Build.0 = Debug|Any CPU
		{F55A2AC9-852C-2A28-FE38-E3734ACAE06A}.Release|Any CPU.ActiveCfg = Release|Any CPU
		{F55A2AC9-852C-2A28-FE38-E3734ACAE06A}.Release|Any CPU.Build.0 = Release|Any CPU
		{37B3E24B-6DF7-8AA7-B3FB-1D9840CFCA52}.Debug|Any CPU.ActiveCfg = Debug|Any CPU
		{37B3E24B-6DF7-8AA7-B3FB-1D9840CFCA52}.Debug|Any CPU.Build.0 = Debug|Any CPU
		{37B3E24B-6DF7-8AA7-B3FB-1D9840CFCA52}.Release|Any CPU.ActiveCfg = Release|Any CPU
		{37B3E24B-6DF7-8AA7-B3FB-1D9840CFCA52}.Release|Any CPU.Build.0 = Release|Any CPU
	EndGlobalSection
	GlobalSection(SolutionProperties) = preSolution
		HideSolutionNode = FALSE
	EndGlobalSection
	GlobalSection(MonoDevelopProperties) = preSolution
		StartupItem = Assembly-CSharp.csproj
	EndGlobalSection
EndGlobal
