Microsoft Visual Studio Solution File, Format Version 11.00
# Visual Studio 2008

Project("{7B5DB5AE-85A6-7D39-5978-5B88ADFD7399}") = "Gem Cube", "Assembly-CSharp.csproj", "{0BFC265E-F6D9-FBEA-1220-AB19C5F28210}"
EndProject
Project("{7B5DB5AE-85A6-7D39-5978-5B88ADFD7399}") = "Gem Cube", "Assembly-CSharp-Editor.csproj", "{03FE91EC-46A1-7964-827B-75E74EDEF9DD}"
EndProject
Global
	GlobalSection(SolutionConfigurationPlatforms) = preSolution
		Debug|Any CPU = Debug|Any CPU
		Release|Any CPU = Release|Any CPU
	EndGlobalSection
	GlobalSection(ProjectConfigurationPlatforms) = postSolution
		{0BFC265E-F6D9-FBEA-1220-AB19C5F28210}.Debug|Any CPU.ActiveCfg = Debug|Any CPU
		{0BFC265E-F6D9-FBEA-1220-AB19C5F28210}.Debug|Any CPU.Build.0 = Debug|Any CPU
		{0BFC265E-F6D9-FBEA-1220-AB19C5F28210}.Release|Any CPU.ActiveCfg = Release|Any CPU
		{0BFC265E-F6D9-FBEA-1220-AB19C5F28210}.Release|Any CPU.Build.0 = Release|Any CPU
		{03FE91EC-46A1-7964-827B-75E74EDEF9DD}.Debug|Any CPU.ActiveCfg = Debug|Any CPU
		{03FE91EC-46A1-7964-827B-75E74EDEF9DD}.Debug|Any CPU.Build.0 = Debug|Any CPU
		{03FE91EC-46A1-7964-827B-75E74EDEF9DD}.Release|Any CPU.ActiveCfg = Release|Any CPU
		{03FE91EC-46A1-7964-827B-75E74EDEF9DD}.Release|Any CPU.Build.0 = Release|Any CPU
	EndGlobalSection
	GlobalSection(SolutionProperties) = preSolution
		HideSolutionNode = FALSE
	EndGlobalSection
	GlobalSection(MonoDevelopProperties) = preSolution
		StartupItem = Assembly-CSharp.csproj
	EndGlobalSection
EndGlobal
